# THIS IS AN AUTOGENERATED FILE. DO NOT EDIT THIS FILE DIRECTLY.
# yarn lockfile v1


"glightbox@^3.2.0":
  "integrity" "sha512-iit1xYixqL4YVL+I2YJLfMeyJwvLi6FE6kY3qNKeZHEJgRIz80QU8Rm7YCyw1wOTgXvmNDnXGVhHOHRCwnDltQ=="
  "resolved" "https://registry.npmjs.org/glightbox/-/glightbox-3.2.0.tgz"
  "version" "3.2.0"

"lightbox2@^2.11.3":
  "integrity" "sha512-Q4v6il/OK9ttgEkAxSok/jrI/LUbqTrePFchqP2x/59qaDIZgJjEEc5Xf7peSMc/55Zo5PAgmX6EiN/BeEeUBQ=="
  "resolved" "https://registry.npmjs.org/lightbox2/-/lightbox2-2.11.3.tgz"
  "version" "2.11.3"
